
Microsoft Visual Studio Solution File, Format Version 12.00
# Visual Studio Version 17
VisualStudioVersion = 17.0.32014.148
MinimumVisualStudioVersion = 10.0.40219.1
Project("{FAE04EC0-301F-11D3-BF4B-00C04F79EFBC}") = "Ex Pesquisador de Arquivos", "Ex Pesquisador de Arquivos\Ex Pesquisador de Arquivos.csproj", "{5F4A2E32-9A6C-405D-9B69-C01D710BE089}"
EndProject
Global
	GlobalSection(SolutionConfigurationPlatforms) = preSolution
		Debug|Any CPU = Debug|Any CPU
		Release|Any CPU = Release|Any CPU
	EndGlobalSection
	GlobalSection(ProjectConfigurationPlatforms) = postSolution
		{5F4A2E32-9A6C-405D-9B69-C01D710BE089}.Debug|Any CPU.ActiveCfg = Debug|Any CPU
		{5F4A2E32-9A6C-405D-9B69-C01D710BE089}.Debug|Any CPU.Build.0 = Debug|Any CPU
		{5F4A2E32-9A6C-405D-9B69-C01D710BE089}.Release|Any CPU.ActiveCfg = Release|Any CPU
		{5F4A2E32-9A6C-405D-9B69-C01D710BE089}.Release|Any CPU.Build.0 = Release|Any CPU
	EndGlobalSection
	GlobalSection(SolutionProperties) = preSolution
		HideSolutionNode = FALSE
	EndGlobalSection
	GlobalSection(ExtensibilityGlobals) = postSolution
		SolutionGuid = {2002D28A-BB12-44AF-BBDF-E33802D370BA}
	EndGlobalSection
EndGlobal
